
Microsoft Visual Studio Solution File, Format Version 12.00
# Visual Studio Version 16
VisualStudioVersion = 16.0.31019.35
MinimumVisualStudioVersion = 10.0.40219.1
Project("{9A19103F-16F7-4668-BE54-9A1E7A4F7556}") = "FileSystemMirror", "FileSystemMirror\FileSystemMirror.csproj", "{6B53D0F8-5B90-40F6-AFEE-100584CAD663}"
EndProject
Project("{9A19103F-16F7-4668-BE54-9A1E7A4F7556}") = "Tests", "Tests\Tests.csproj", "{F1C4D028-5580-4A57-ABB3-38128956E0BE}"
EndProject
Project("{2150E333-8FDC-42A3-9474-1A3956D46DE8}") = "Solution Items", "Solution Items", "{7A1539CA-9776-42EB-9444-5D50F26E41E4}"
	ProjectSection(SolutionItems) = preProject
		.gitignore = .gitignore
		.github\workflows\tests.yml = .github\workflows\tests.yml
	EndProjectSection
EndProject
Project("{9A19103F-16F7-4668-BE54-9A1E7A4F7556}") = "fsmirror", "CLI - fsmirror\fsmirror.csproj", "{872739E2-50E2-4D88-AB97-38FF50CE8856}"
EndProject
Global
	GlobalSection(SolutionConfigurationPlatforms) = preSolution
		Debug|Any CPU = Debug|Any CPU
		Release|Any CPU = Release|Any CPU
	EndGlobalSection
	GlobalSection(ProjectConfigurationPlatforms) = postSolution
		{6B53D0F8-5B90-40F6-AFEE-100584CAD663}.Debug|Any CPU.ActiveCfg = Debug|Any CPU
		{6B53D0F8-5B90-40F6-AFEE-100584CAD663}.Debug|Any CPU.Build.0 = Debug|Any CPU
		{6B53D0F8-5B90-40F6-AFEE-100584CAD663}.Release|Any CPU.ActiveCfg = Release|Any CPU
		{6B53D0F8-5B90-40F6-AFEE-100584CAD663}.Release|Any CPU.Build.0 = Release|Any CPU
		{F1C4D028-5580-4A57-ABB3-38128956E0BE}.Debug|Any CPU.ActiveCfg = Debug|Any CPU
		{F1C4D028-5580-4A57-ABB3-38128956E0BE}.Debug|Any CPU.Build.0 = Debug|Any CPU
		{F1C4D028-5580-4A57-ABB3-38128956E0BE}.Release|Any CPU.ActiveCfg = Release|Any CPU
		{F1C4D028-5580-4A57-ABB3-38128956E0BE}.Release|Any CPU.Build.0 = Release|Any CPU
		{872739E2-50E2-4D88-AB97-38FF50CE8856}.Debug|Any CPU.ActiveCfg = Debug|Any CPU
		{872739E2-50E2-4D88-AB97-38FF50CE8856}.Debug|Any CPU.Build.0 = Debug|Any CPU
		{872739E2-50E2-4D88-AB97-38FF50CE8856}.Release|Any CPU.ActiveCfg = Release|Any CPU
		{872739E2-50E2-4D88-AB97-38FF50CE8856}.Release|Any CPU.Build.0 = Release|Any CPU
	EndGlobalSection
	GlobalSection(SolutionProperties) = preSolution
		HideSolutionNode = FALSE
	EndGlobalSection
	GlobalSection(ExtensibilityGlobals) = postSolution
		SolutionGuid = {13F4C9C0-A04A-4BB0-A0AE-4F9661002A4E}
	EndGlobalSection
EndGlobal
